
Microsoft Visual Studio Solution File, Format Version 12.00
# Visual Studio 15
VisualStudioVersion = 15.0.26430.15
MinimumVisualStudioVersion = 10.0.40219.1
Project("{FAE04EC0-301F-11D3-BF4B-00C04F79EFBC}") = "kServerManager", "kServerManager\kServerManager.csproj", "{B30442D7-18E0-449C-A0DD-3DBF2CF11D6A}"
EndProject
Project("{FAE04EC0-301F-11D3-BF4B-00C04F79EFBC}") = "kServerManager.Launcher", "Launcher\kServerManager.Launcher.csproj", "{4D0F69E9-B304-4554-B58D-E1C4DA23D641}"
EndProject
Project("{FAE04EC0-301F-11D3-BF4B-00C04F79EFBC}") = "kServerManager.Core", "Core\kServerManager.Core.csproj", "{C239D178-0F20-40AB-9FC1-3E0E6A94918F}"
EndProject
Global
	GlobalSection(SolutionConfigurationPlatforms) = preSolution
		Debug|Any CPU = Debug|Any CPU
		Release|Any CPU = Release|Any CPU
	EndGlobalSection
	GlobalSection(ProjectConfigurationPlatforms) = postSolution
		{B30442D7-18E0-449C-A0DD-3DBF2CF11D6A}.Debug|Any CPU.ActiveCfg = Debug|Any CPU
		{B30442D7-18E0-449C-A0DD-3DBF2CF11D6A}.Debug|Any CPU.Build.0 = Debug|Any CPU
		{B30442D7-18E0-449C-A0DD-3DBF2CF11D6A}.Release|Any CPU.ActiveCfg = Release|Any CPU
		{B30442D7-18E0-449C-A0DD-3DBF2CF11D6A}.Release|Any CPU.Build.0 = Release|Any CPU
		{4D0F69E9-B304-4554-B58D-E1C4DA23D641}.Debug|Any CPU.ActiveCfg = Debug|Any CPU
		{4D0F69E9-B304-4554-B58D-E1C4DA23D641}.Debug|Any CPU.Build.0 = Debug|Any CPU
		{4D0F69E9-B304-4554-B58D-E1C4DA23D641}.Release|Any CPU.ActiveCfg = Release|Any CPU
		{4D0F69E9-B304-4554-B58D-E1C4DA23D641}.Release|Any CPU.Build.0 = Release|Any CPU
		{C239D178-0F20-40AB-9FC1-3E0E6A94918F}.Debug|Any CPU.ActiveCfg = Debug|Any CPU
		{C239D178-0F20-40AB-9FC1-3E0E6A94918F}.Debug|Any CPU.Build.0 = Debug|Any CPU
		{C239D178-0F20-40AB-9FC1-3E0E6A94918F}.Release|Any CPU.ActiveCfg = Release|Any CPU
		{C239D178-0F20-40AB-9FC1-3E0E6A94918F}.Release|Any CPU.Build.0 = Release|Any CPU
	EndGlobalSection
	GlobalSection(SolutionProperties) = preSolution
		HideSolutionNode = FALSE
	EndGlobalSection
EndGlobal
